# @generated by Move, please check-in and do not edit manually.

[move]
version = 2
manifest_digest = "C4C988ABFF6D6DFC00F2060825A8E2D8B27538F6D33D78DEC066F82422E5D4DA"
deps_digest = "F8BBB0CCB2491CA29A3DF03D6F92277A4F3574266507ACD77214D37ECA3F3082"
dependencies = [
  { name = "Sui" },
]

[[move.package]]
name = "MoveStdlib"
source = { git = "https://github.com/MystenLabs/sui.git", rev = "framework/testnet", subdir = "crates/sui-framework/packages/move-stdlib" }

[[move.package]]
name = "Sui"
source = { git = "https://github.com/MystenLabs/sui.git", rev = "framework/testnet", subdir = "crates/sui-framework/packages/sui-framework" }

dependencies = [
  { name = "MoveStdlib" },
]

[move.toolchain-version]
compiler-version = "1.33.0"
edition = "2024.beta"
flavor = "sui"

[env]

[env.testnet]
chain-id = "4c78adac"
original-published-id = "0x75e979cec851fc18cf22c5de531028e60e1655a9cfffe5a0eb8ddf51c530d3be"
latest-published-id = "0x75e979cec851fc18cf22c5de531028e60e1655a9cfffe5a0eb8ddf51c530d3be"
published-version = "1"
